// !$*UTF8*$!
{
	archiveVersion = 1;
	classes = {
	};
	objectVersion = 52;
	objects = {

/* Begin PBXBuildFile section */
		B83907042462A4DF00676B3D /* ValuePicker.swift in Sources */ = {isa = PBXBuildFile; fileRef = B83907032462A4DF00676B3D /* ValuePicker.swift */; };
		B83907062462A4F400676B3D /* PickerCore.swift in Sources */ = {isa = PBXBuildFile; fileRef = B83907052462A4F400676B3D /* PickerCore.swift */; };
		B84B0AC72458126700A07A1E /* AppDelegate.swift in Sources */ = {isa = PBXBuildFile; fileRef = B84B0AC62458126700A07A1E /* AppDelegate.swift */; };
		B84B0AC92458126700A07A1E /* SceneDelegate.swift in Sources */ = {isa = PBXBuildFile; fileRef = B84B0AC82458126700A07A1E /* SceneDelegate.swift */; };
		B84B0ACD2458126B00A07A1E /* Assets.xcassets in Resources */ = {isa = PBXBuildFile; fileRef = B84B0ACC2458126B00A07A1E /* Assets.xcassets */; };
		B84B0AD02458126B00A07A1E /* Preview Assets.xcassets in Resources */ = {isa = PBXBuildFile; fileRef = B84B0ACF2458126B00A07A1E /* Preview Assets.xcassets */; };
		B84B0AD32458126B00A07A1E /* LaunchScreen.storyboard in Resources */ = {isa = PBXBuildFile; fileRef = B84B0AD12458126B00A07A1E /* LaunchScreen.storyboard */; };
		B8806C9F246844C900C32F80 /* CircuitComposerCore.swift in Sources */ = {isa = PBXBuildFile; fileRef = B8806C9E246844C900C32F80 /* CircuitComposerCore.swift */; };
		B8C7D811246A8495006B95E3 /* RootView.swift in Sources */ = {isa = PBXBuildFile; fileRef = B8C7D810246A8495006B95E3 /* RootView.swift */; };
		B8DC5994246054E1003FC8D3 /* AppCore.swift in Sources */ = {isa = PBXBuildFile; fileRef = B8DC5993246054E1003FC8D3 /* AppCore.swift */; };
		B8DC59B124605E38003FC8D3 /* TimerCore.framework in Frameworks */ = {isa = PBXBuildFile; fileRef = B8DC599C24605E38003FC8D3 /* TimerCore.framework */; };
		B8DC59B224605E38003FC8D3 /* TimerCore.framework in Embed Frameworks */ = {isa = PBXBuildFile; fileRef = B8DC599C24605E38003FC8D3 /* TimerCore.framework */; settings = {ATTRIBUTES = (CodeSignOnCopy, RemoveHeadersOnCopy, ); }; };
		B8DC59BC24605ED0003FC8D3 /* TimerView.swift in Sources */ = {isa = PBXBuildFile; fileRef = B84B0ACA2458126700A07A1E /* TimerView.swift */; };
		B8DC59BE24605ED5003FC8D3 /* KeyboardAdaptive.swift in Sources */ = {isa = PBXBuildFile; fileRef = B893DF9C245AD57900C43360 /* KeyboardAdaptive.swift */; };
		B8DC59BF24605ED9003FC8D3 /* TimerCore.swift in Sources */ = {isa = PBXBuildFile; fileRef = B8DC5995246055A3003FC8D3 /* TimerCore.swift */; };
		B8DC59C024605ED9003FC8D3 /* SoundClient.swift in Sources */ = {isa = PBXBuildFile; fileRef = B8F9E7D224596056006A036F /* SoundClient.swift */; };
		B8DC59C124605F1A003FC8D3 /* Segment.swift in Sources */ = {isa = PBXBuildFile; fileRef = B893DF94245AC46100C43360 /* Segment.swift */; };
		B8DC59C224605F3F003FC8D3 /* View-UpdateKeyPath.swift in Sources */ = {isa = PBXBuildFile; fileRef = B893DFA3245C230300C43360 /* View-UpdateKeyPath.swift */; };
		B8DC59C324605F3F003FC8D3 /* UIResponder-Current.swift in Sources */ = {isa = PBXBuildFile; fileRef = B893DF97245AD53700C43360 /* UIResponder-Current.swift */; };
		B8DC59C424605F3F003FC8D3 /* KeyboardHeightPublisher.swift in Sources */ = {isa = PBXBuildFile; fileRef = B893DF99245AD55900C43360 /* KeyboardHeightPublisher.swift */; };
		B8DC59CF246063A9003FC8D3 /* ComposableArchitecture in Frameworks */ = {isa = PBXBuildFile; productRef = B8DC59CE246063A9003FC8D3 /* ComposableArchitecture */; };
		B8DC59D0246063A9003FC8D3 /* ComposableArchitecture in Embed Frameworks */ = {isa = PBXBuildFile; productRef = B8DC59CE246063A9003FC8D3 /* ComposableArchitecture */; settings = {ATTRIBUTES = (CodeSignOnCopy, ); }; };
		B8DC59D6246063B5003FC8D3 /* ComposableArchitecture in Frameworks */ = {isa = PBXBuildFile; productRef = B8DC59D5246063B5003FC8D3 /* ComposableArchitecture */; };
		B8DC59D7246063B5003FC8D3 /* ComposableArchitecture in Embed Frameworks */ = {isa = PBXBuildFile; productRef = B8DC59D5246063B5003FC8D3 /* ComposableArchitecture */; settings = {ATTRIBUTES = (CodeSignOnCopy, ); }; };
		B8DC6A2E2461D7F6003FC8D3 /* TimerCoreTests.swift in Sources */ = {isa = PBXBuildFile; fileRef = B8DC6A2D2461D7F6003FC8D3 /* TimerCoreTests.swift */; };
		B8DC6A302461D7F6003FC8D3 /* TimerCore.framework in Frameworks */ = {isa = PBXBuildFile; fileRef = B8DC599C24605E38003FC8D3 /* TimerCore.framework */; };
		B8DC6A372461D814003FC8D3 /* ComposableArchitecture in Frameworks */ = {isa = PBXBuildFile; productRef = B8DC6A362461D814003FC8D3 /* ComposableArchitecture */; };
		B8DC6A392461D814003FC8D3 /* ComposableArchitecture in Embed Frameworks */ = {isa = PBXBuildFile; productRef = B8DC6A362461D814003FC8D3 /* ComposableArchitecture */; settings = {ATTRIBUTES = (CodeSignOnCopy, ); }; };
		B8DC6A3B2461D814003FC8D3 /* ComposableArchitectureTestSupport in Frameworks */ = {isa = PBXBuildFile; productRef = B8DC6A3A2461D814003FC8D3 /* ComposableArchitectureTestSupport */; };
		B8DC6A3C2461D814003FC8D3 /* ComposableArchitectureTestSupport in Embed Frameworks */ = {isa = PBXBuildFile; productRef = B8DC6A3A2461D814003FC8D3 /* ComposableArchitectureTestSupport */; settings = {ATTRIBUTES = (CodeSignOnCopy, ); }; };
		B8ED776324684642001B9DEE /* CircuitComposerView.swift in Sources */ = {isa = PBXBuildFile; fileRef = B8ED776224684642001B9DEE /* CircuitComposerView.swift */; };
		B8ED77652468493E001B9DEE /* CircuitPickerView.swift in Sources */ = {isa = PBXBuildFile; fileRef = B8ED77642468493E001B9DEE /* CircuitPickerView.swift */; };
		B8ED776724684976001B9DEE /* CircuitPickerCore.swift in Sources */ = {isa = PBXBuildFile; fileRef = B8ED776624684976001B9DEE /* CircuitPickerCore.swift */; };
		B8ED7769246854D0001B9DEE /* TimerControlsView.swift in Sources */ = {isa = PBXBuildFile; fileRef = B8ED7768246854D0001B9DEE /* TimerControlsView.swift */; };
		B8ED776C246858A9001B9DEE /* TimerControlsCore.swift in Sources */ = {isa = PBXBuildFile; fileRef = B8ED776B246858A8001B9DEE /* TimerControlsCore.swift */; };
/* End PBXBuildFile section */

/* Begin PBXContainerItemProxy section */
		B8DC59AF24605E38003FC8D3 /* PBXContainerItemProxy */ = {
			isa = PBXContainerItemProxy;
			containerPortal = B84B0ABB2458126600A07A1E /* Project object */;
			proxyType = 1;
			remoteGlobalIDString = B8DC599B24605E38003FC8D3;
			remoteInfo = Timer;
		};
		B8DC6A312461D7F6003FC8D3 /* PBXContainerItemProxy */ = {
			isa = PBXContainerItemProxy;
			containerPortal = B84B0ABB2458126600A07A1E /* Project object */;
			proxyType = 1;
			remoteGlobalIDString = B8DC599B24605E38003FC8D3;
			remoteInfo = TimerCore;
		};
/* End PBXContainerItemProxy section */

/* Begin PBXCopyFilesBuildPhase section */
		B8DC599124605447003FC8D3 /* Embed Frameworks */ = {
			isa = PBXCopyFilesBuildPhase;
			buildActionMask = 2147483647;
			dstPath = "";
			dstSubfolderSpec = 10;
			files = (
				B8DC59D0246063A9003FC8D3 /* ComposableArchitecture in Embed Frameworks */,
				B8DC59B224605E38003FC8D3 /* TimerCore.framework in Embed Frameworks */,
			);
			name = "Embed Frameworks";
			runOnlyForDeploymentPostprocessing = 0;
		};
		B8DC59C824605F99003FC8D3 /* Embed Frameworks */ = {
			isa = PBXCopyFilesBuildPhase;
			buildActionMask = 2147483647;
			dstPath = "";
			dstSubfolderSpec = 10;
			files = (
				B8DC59D7246063B5003FC8D3 /* ComposableArchitecture in Embed Frameworks */,
			);
			name = "Embed Frameworks";
			runOnlyForDeploymentPostprocessing = 0;
		};
		B8DC6A382461D814003FC8D3 /* Embed Frameworks */ = {
			isa = PBXCopyFilesBuildPhase;
			buildActionMask = 2147483647;
			dstPath = "";
			dstSubfolderSpec = 10;
			files = (
				B8DC6A3C2461D814003FC8D3 /* ComposableArchitectureTestSupport in Embed Frameworks */,
				B8DC6A392461D814003FC8D3 /* ComposableArchitecture in Embed Frameworks */,
			);
			name = "Embed Frameworks";
			runOnlyForDeploymentPostprocessing = 0;
		};
/* End PBXCopyFilesBuildPhase section */

/* Begin PBXFileReference section */
		B83907032462A4DF00676B3D /* ValuePicker.swift */ = {isa = PBXFileReference; lastKnownFileType = sourcecode.swift; path = ValuePicker.swift; sourceTree = "<group>"; };
		B83907052462A4F400676B3D /* PickerCore.swift */ = {isa = PBXFileReference; lastKnownFileType = sourcecode.swift; path = PickerCore.swift; sourceTree = "<group>"; };
		B84B0AC32458126700A07A1E /* WorkoutTimer.app */ = {isa = PBXFileReference; explicitFileType = wrapper.application; includeInIndex = 0; path = WorkoutTimer.app; sourceTree = BUILT_PRODUCTS_DIR; };
		B84B0AC62458126700A07A1E /* AppDelegate.swift */ = {isa = PBXFileReference; lastKnownFileType = sourcecode.swift; path = AppDelegate.swift; sourceTree = "<group>"; };
		B84B0AC82458126700A07A1E /* SceneDelegate.swift */ = {isa = PBXFileReference; lastKnownFileType = sourcecode.swift; path = SceneDelegate.swift; sourceTree = "<group>"; };
		B84B0ACA2458126700A07A1E /* TimerView.swift */ = {isa = PBXFileReference; lastKnownFileType = sourcecode.swift; path = TimerView.swift; sourceTree = "<group>"; };
		B84B0ACC2458126B00A07A1E /* Assets.xcassets */ = {isa = PBXFileReference; lastKnownFileType = folder.assetcatalog; path = Assets.xcassets; sourceTree = "<group>"; };
		B84B0ACF2458126B00A07A1E /* Preview Assets.xcassets */ = {isa = PBXFileReference; lastKnownFileType = folder.assetcatalog; path = "Preview Assets.xcassets"; sourceTree = "<group>"; };
		B84B0AD22458126B00A07A1E /* Base */ = {isa = PBXFileReference; lastKnownFileType = file.storyboard; name = Base; path = Base.lproj/LaunchScreen.storyboard; sourceTree = "<group>"; };
		B84B0AD42458126B00A07A1E /* Info.plist */ = {isa = PBXFileReference; lastKnownFileType = text.plist.xml; path = Info.plist; sourceTree = "<group>"; };
		B8806C9E246844C900C32F80 /* CircuitComposerCore.swift */ = {isa = PBXFileReference; lastKnownFileType = sourcecode.swift; path = CircuitComposerCore.swift; sourceTree = "<group>"; };
		B893DF94245AC46100C43360 /* Segment.swift */ = {isa = PBXFileReference; lastKnownFileType = sourcecode.swift; path = Segment.swift; sourceTree = "<group>"; };
		B893DF97245AD53700C43360 /* UIResponder-Current.swift */ = {isa = PBXFileReference; lastKnownFileType = sourcecode.swift; path = "UIResponder-Current.swift"; sourceTree = "<group>"; };
		B893DF99245AD55900C43360 /* KeyboardHeightPublisher.swift */ = {isa = PBXFileReference; lastKnownFileType = sourcecode.swift; path = KeyboardHeightPublisher.swift; sourceTree = "<group>"; };
		B893DF9C245AD57900C43360 /* KeyboardAdaptive.swift */ = {isa = PBXFileReference; lastKnownFileType = sourcecode.swift; path = KeyboardAdaptive.swift; sourceTree = "<group>"; };
		B893DFA3245C230300C43360 /* View-UpdateKeyPath.swift */ = {isa = PBXFileReference; lastKnownFileType = sourcecode.swift; path = "View-UpdateKeyPath.swift"; sourceTree = "<group>"; };
		B8C7D810246A8495006B95E3 /* RootView.swift */ = {isa = PBXFileReference; lastKnownFileType = sourcecode.swift; path = RootView.swift; sourceTree = "<group>"; };
		B8DC5993246054E1003FC8D3 /* AppCore.swift */ = {isa = PBXFileReference; lastKnownFileType = sourcecode.swift; path = AppCore.swift; sourceTree = "<group>"; };
		B8DC5995246055A3003FC8D3 /* TimerCore.swift */ = {isa = PBXFileReference; lastKnownFileType = sourcecode.swift; path = TimerCore.swift; sourceTree = "<group>"; };
		B8DC599C24605E38003FC8D3 /* TimerCore.framework */ = {isa = PBXFileReference; explicitFileType = wrapper.framework; includeInIndex = 0; path = TimerCore.framework; sourceTree = BUILT_PRODUCTS_DIR; };
		B8DC599F24605E38003FC8D3 /* Info.plist */ = {isa = PBXFileReference; lastKnownFileType = text.plist.xml; path = Info.plist; sourceTree = "<group>"; };
		B8DC6A2B2461D7F6003FC8D3 /* TimerCoreTests.xctest */ = {isa = PBXFileReference; explicitFileType = wrapper.cfbundle; includeInIndex = 0; path = TimerCoreTests.xctest; sourceTree = BUILT_PRODUCTS_DIR; };
		B8DC6A2D2461D7F6003FC8D3 /* TimerCoreTests.swift */ = {isa = PBXFileReference; lastKnownFileType = sourcecode.swift; path = TimerCoreTests.swift; sourceTree = "<group>"; };
		B8DC6A2F2461D7F6003FC8D3 /* Info.plist */ = {isa = PBXFileReference; lastKnownFileType = text.plist.xml; path = Info.plist; sourceTree = "<group>"; };
		B8ED776224684642001B9DEE /* CircuitComposerView.swift */ = {isa = PBXFileReference; lastKnownFileType = sourcecode.swift; path = CircuitComposerView.swift; sourceTree = "<group>"; };
		B8ED77642468493E001B9DEE /* CircuitPickerView.swift */ = {isa = PBXFileReference; lastKnownFileType = sourcecode.swift; path = CircuitPickerView.swift; sourceTree = "<group>"; };
		B8ED776624684976001B9DEE /* CircuitPickerCore.swift */ = {isa = PBXFileReference; lastKnownFileType = sourcecode.swift; path = CircuitPickerCore.swift; sourceTree = "<group>"; };
		B8ED7768246854D0001B9DEE /* TimerControlsView.swift */ = {isa = PBXFileReference; lastKnownFileType = sourcecode.swift; path = TimerControlsView.swift; sourceTree = "<group>"; };
		B8ED776B246858A8001B9DEE /* TimerControlsCore.swift */ = {isa = PBXFileReference; lastKnownFileType = sourcecode.swift; path = TimerControlsCore.swift; sourceTree = "<group>"; };
		B8F9E7D224596056006A036F /* SoundClient.swift */ = {isa = PBXFileReference; lastKnownFileType = sourcecode.swift; path = SoundClient.swift; sourceTree = "<group>"; };
/* End PBXFileReference section */

/* Begin PBXFrameworksBuildPhase section */
		B84B0AC02458126600A07A1E /* Frameworks */ = {
			isa = PBXFrameworksBuildPhase;
			buildActionMask = 2147483647;
			files = (
				B8DC59CF246063A9003FC8D3 /* ComposableArchitecture in Frameworks */,
				B8DC59B124605E38003FC8D3 /* TimerCore.framework in Frameworks */,
			);
			runOnlyForDeploymentPostprocessing = 0;
		};
		B8DC599924605E38003FC8D3 /* Frameworks */ = {
			isa = PBXFrameworksBuildPhase;
			buildActionMask = 2147483647;
			files = (
				B8DC59D6246063B5003FC8D3 /* ComposableArchitecture in Frameworks */,
			);
			runOnlyForDeploymentPostprocessing = 0;
		};
		B8DC6A282461D7F6003FC8D3 /* Frameworks */ = {
			isa = PBXFrameworksBuildPhase;
			buildActionMask = 2147483647;
			files = (
				B8DC6A372461D814003FC8D3 /* ComposableArchitecture in Frameworks */,
				B8DC6A302461D7F6003FC8D3 /* TimerCore.framework in Frameworks */,
				B8DC6A3B2461D814003FC8D3 /* ComposableArchitectureTestSupport in Frameworks */,
			);
			runOnlyForDeploymentPostprocessing = 0;
		};
/* End PBXFrameworksBuildPhase section */

/* Begin PBXGroup section */
		B84B0ABA2458126600A07A1E = {
			isa = PBXGroup;
			children = (
				B84B0AC52458126700A07A1E /* WorkoutTimer */,
				B8DC599D24605E38003FC8D3 /* TimerCore */,
				B84B0AC42458126700A07A1E /* Products */,
				B8DC59C524605F99003FC8D3 /* Frameworks */,
			);
			sourceTree = "<group>";
		};
		B84B0AC42458126700A07A1E /* Products */ = {
			isa = PBXGroup;
			children = (
				B84B0AC32458126700A07A1E /* WorkoutTimer.app */,
				B8DC599C24605E38003FC8D3 /* TimerCore.framework */,
				B8DC6A2B2461D7F6003FC8D3 /* TimerCoreTests.xctest */,
			);
			name = Products;
			sourceTree = "<group>";
		};
		B84B0AC52458126700A07A1E /* WorkoutTimer */ = {
			isa = PBXGroup;
			children = (
				B8DC5992246054D9003FC8D3 /* Root */,
				B893DF91245AC43500C43360 /* App */,
				B893DF92245AC43B00C43360 /* Product */,
				B84B0ACE2458126B00A07A1E /* Preview Content */,
			);
			path = WorkoutTimer;
			sourceTree = "<group>";
		};
		B84B0ACE2458126B00A07A1E /* Preview Content */ = {
			isa = PBXGroup;
			children = (
				B84B0ACF2458126B00A07A1E /* Preview Assets.xcassets */,
			);
			path = "Preview Content";
			sourceTree = "<group>";
		};
		B8806C9B246841EA00C32F80 /* ValuePicker */ = {
			isa = PBXGroup;
			children = (
				B83907032462A4DF00676B3D /* ValuePicker.swift */,
				B83907052462A4F400676B3D /* PickerCore.swift */,
			);
			path = ValuePicker;
			sourceTree = "<group>";
		};
		B8806CA0246844EA00C32F80 /* Timer */ = {
			isa = PBXGroup;
			children = (
				B84B0ACA2458126700A07A1E /* TimerView.swift */,
				B8DC5995246055A3003FC8D3 /* TimerCore.swift */,
			);
			path = Timer;
			sourceTree = "<group>";
		};
		B8806CA12468450900C32F80 /* CircuitComposer */ = {
			isa = PBXGroup;
			children = (
				B8ED776224684642001B9DEE /* CircuitComposerView.swift */,
				B8806C9E246844C900C32F80 /* CircuitComposerCore.swift */,
			);
			path = CircuitComposer;
			sourceTree = "<group>";
		};
		B893DF91245AC43500C43360 /* App */ = {
			isa = PBXGroup;
			children = (
				B84B0AC62458126700A07A1E /* AppDelegate.swift */,
				B84B0AC82458126700A07A1E /* SceneDelegate.swift */,
			);
			path = App;
			sourceTree = "<group>";
		};
		B893DF92245AC43B00C43360 /* Product */ = {
			isa = PBXGroup;
			children = (
				B84B0ACC2458126B00A07A1E /* Assets.xcassets */,
				B84B0AD12458126B00A07A1E /* LaunchScreen.storyboard */,
				B84B0AD42458126B00A07A1E /* Info.plist */,
			);
			path = Product;
			sourceTree = "<group>";
		};
		B893DF96245AD52800C43360 /* Helpers */ = {
			isa = PBXGroup;
			children = (
				B893DFA1245C22EF00C43360 /* Extension */,
				B893DF99245AD55900C43360 /* KeyboardHeightPublisher.swift */,
			);
			path = Helpers;
			sourceTree = "<group>";
		};
		B893DF9B245AD56F00C43360 /* Modifiers */ = {
			isa = PBXGroup;
			children = (
				B893DF9C245AD57900C43360 /* KeyboardAdaptive.swift */,
			);
			path = Modifiers;
			sourceTree = "<group>";
		};
		B893DFA1245C22EF00C43360 /* Extension */ = {
			isa = PBXGroup;
			children = (
				B893DFA3245C230300C43360 /* View-UpdateKeyPath.swift */,
				B893DF97245AD53700C43360 /* UIResponder-Current.swift */,
			);
			path = Extension;
			sourceTree = "<group>";
		};
		B8DC5992246054D9003FC8D3 /* Root */ = {
			isa = PBXGroup;
			children = (
				B8DC5993246054E1003FC8D3 /* AppCore.swift */,
				B8C7D810246A8495006B95E3 /* RootView.swift */,
			);
			path = Root;
			sourceTree = "<group>";
		};
		B8DC599D24605E38003FC8D3 /* TimerCore */ = {
			isa = PBXGroup;
			children = (
				B8DC59B924605E43003FC8D3 /* Source */,
				B8DC59AA24605E38003FC8D3 /* Tests */,
			);
			path = TimerCore;
			sourceTree = "<group>";
		};
		B8DC59AA24605E38003FC8D3 /* Tests */ = {
			isa = PBXGroup;
			children = (
				B8DC6A2D2461D7F6003FC8D3 /* TimerCoreTests.swift */,
				B8DC6A2F2461D7F6003FC8D3 /* Info.plist */,
			);
			path = Tests;
			sourceTree = "<group>";
		};
		B8DC59B924605E43003FC8D3 /* Source */ = {
			isa = PBXGroup;
			children = (
				B8DC59CC2460603A003FC8D3 /* Product */,
				B8DC59BB24605E4C003FC8D3 /* Views */,
				B8DC59BA24605E48003FC8D3 /* Core */,
			);
			path = Source;
			sourceTree = "<group>";
		};
		B8DC59BA24605E48003FC8D3 /* Core */ = {
			isa = PBXGroup;
			children = (
				B893DF96245AD52800C43360 /* Helpers */,
				B8DC59CA24605FB5003FC8D3 /* Models */,
				B8DC59CB24605FC0003FC8D3 /* Clients */,
			);
			path = Core;
			sourceTree = "<group>";
		};
		B8DC59BB24605E4C003FC8D3 /* Views */ = {
			isa = PBXGroup;
			children = (
				B8806CA12468450900C32F80 /* CircuitComposer */,
				B8806CA0246844EA00C32F80 /* Timer */,
				B8ED776D24685953001B9DEE /* CircuitPicker */,
				B8806C9B246841EA00C32F80 /* ValuePicker */,
				B8ED776A2468589A001B9DEE /* TimerControls */,
				B893DF9B245AD56F00C43360 /* Modifiers */,
			);
			path = Views;
			sourceTree = "<group>";
		};
		B8DC59C524605F99003FC8D3 /* Frameworks */ = {
			isa = PBXGroup;
			children = (
			);
			name = Frameworks;
			sourceTree = "<group>";
		};
		B8DC59CA24605FB5003FC8D3 /* Models */ = {
			isa = PBXGroup;
			children = (
				B893DF94245AC46100C43360 /* Segment.swift */,
			);
			path = Models;
			sourceTree = "<group>";
		};
		B8DC59CB24605FC0003FC8D3 /* Clients */ = {
			isa = PBXGroup;
			children = (
				B8F9E7D224596056006A036F /* SoundClient.swift */,
			);
			path = Clients;
			sourceTree = "<group>";
		};
		B8DC59CC2460603A003FC8D3 /* Product */ = {
			isa = PBXGroup;
			children = (
				B8DC599F24605E38003FC8D3 /* Info.plist */,
			);
			path = Product;
			sourceTree = "<group>";
		};
		B8ED776A2468589A001B9DEE /* TimerControls */ = {
			isa = PBXGroup;
			children = (
				B8ED7768246854D0001B9DEE /* TimerControlsView.swift */,
				B8ED776B246858A8001B9DEE /* TimerControlsCore.swift */,
			);
			path = TimerControls;
			sourceTree = "<group>";
		};
		B8ED776D24685953001B9DEE /* CircuitPicker */ = {
			isa = PBXGroup;
			children = (
				B8ED77642468493E001B9DEE /* CircuitPickerView.swift */,
				B8ED776624684976001B9DEE /* CircuitPickerCore.swift */,
			);
			path = CircuitPicker;
			sourceTree = "<group>";
		};
/* End PBXGroup section */

/* Begin PBXHeadersBuildPhase section */
		B8DC599724605E38003FC8D3 /* Headers */ = {
			isa = PBXHeadersBuildPhase;
			buildActionMask = 2147483647;
			files = (
			);
			runOnlyForDeploymentPostprocessing = 0;
		};
/* End PBXHeadersBuildPhase section */

/* Begin PBXNativeTarget section */
		B84B0AC22458126600A07A1E /* WorkoutTimer */ = {
			isa = PBXNativeTarget;
			buildConfigurationList = B84B0AD72458126B00A07A1E /* Build configuration list for PBXNativeTarget "WorkoutTimer" */;
			buildPhases = (
				B84B0ABF2458126600A07A1E /* Sources */,
				B84B0AC02458126600A07A1E /* Frameworks */,
				B84B0AC12458126600A07A1E /* Resources */,
				B8DC599124605447003FC8D3 /* Embed Frameworks */,
			);
			buildRules = (
			);
			dependencies = (
				B8DC59B024605E38003FC8D3 /* PBXTargetDependency */,
			);
			name = WorkoutTimer;
			packageProductDependencies = (
				B8DC59CE246063A9003FC8D3 /* ComposableArchitecture */,
			);
			productName = WorkoutTimer;
			productReference = B84B0AC32458126700A07A1E /* WorkoutTimer.app */;
			productType = "com.apple.product-type.application";
		};
		B8DC599B24605E38003FC8D3 /* TimerCore */ = {
			isa = PBXNativeTarget;
			buildConfigurationList = B8DC59B324605E38003FC8D3 /* Build configuration list for PBXNativeTarget "TimerCore" */;
			buildPhases = (
				B8DC599724605E38003FC8D3 /* Headers */,
				B8DC599824605E38003FC8D3 /* Sources */,
				B8DC599924605E38003FC8D3 /* Frameworks */,
				B8DC599A24605E38003FC8D3 /* Resources */,
				B8DC59C824605F99003FC8D3 /* Embed Frameworks */,
			);
			buildRules = (
			);
			dependencies = (
			);
			name = TimerCore;
			packageProductDependencies = (
				B8DC59D5246063B5003FC8D3 /* ComposableArchitecture */,
			);
			productName = Timer;
			productReference = B8DC599C24605E38003FC8D3 /* TimerCore.framework */;
			productType = "com.apple.product-type.framework";
		};
		B8DC6A2A2461D7F6003FC8D3 /* TimerCoreTests */ = {
			isa = PBXNativeTarget;
			buildConfigurationList = B8DC6A332461D7F6003FC8D3 /* Build configuration list for PBXNativeTarget "TimerCoreTests" */;
			buildPhases = (
				B8DC6A272461D7F6003FC8D3 /* Sources */,
				B8DC6A282461D7F6003FC8D3 /* Frameworks */,
				B8DC6A292461D7F6003FC8D3 /* Resources */,
				B8DC6A382461D814003FC8D3 /* Embed Frameworks */,
			);
			buildRules = (
			);
			dependencies = (
				B8DC6A322461D7F6003FC8D3 /* PBXTargetDependency */,
			);
			name = TimerCoreTests;
			packageProductDependencies = (
				B8DC6A362461D814003FC8D3 /* ComposableArchitecture */,
				B8DC6A3A2461D814003FC8D3 /* ComposableArchitectureTestSupport */,
			);
			productName = TimerCoreTests;
			productReference = B8DC6A2B2461D7F6003FC8D3 /* TimerCoreTests.xctest */;
			productType = "com.apple.product-type.bundle.unit-test";
		};
/* End PBXNativeTarget section */

/* Begin PBXProject section */
		B84B0ABB2458126600A07A1E /* Project object */ = {
			isa = PBXProject;
			attributes = {
				LastSwiftUpdateCheck = 1140;
				LastUpgradeCheck = 1140;
				ORGANIZATIONNAME = tsonevInc;
				TargetAttributes = {
					B84B0AC22458126600A07A1E = {
						CreatedOnToolsVersion = 11.4.1;
					};
					B8DC599B24605E38003FC8D3 = {
						CreatedOnToolsVersion = 11.4.1;
					};
					B8DC6A2A2461D7F6003FC8D3 = {
						CreatedOnToolsVersion = 11.4.1;
					};
				};
			};
			buildConfigurationList = B84B0ABE2458126600A07A1E /* Build configuration list for PBXProject "WorkoutTimer" */;
			compatibilityVersion = "Xcode 9.3";
			developmentRegion = en;
			hasScannedForEncodings = 0;
			knownRegions = (
				en,
				Base,
			);
			mainGroup = B84B0ABA2458126600A07A1E;
			packageReferences = (
				B8DC59CD246063A9003FC8D3 /* XCRemoteSwiftPackageReference "swift-composable-architecture" */,
			);
			productRefGroup = B84B0AC42458126700A07A1E /* Products */;
			projectDirPath = "";
			projectRoot = "";
			targets = (
				B84B0AC22458126600A07A1E /* WorkoutTimer */,
				B8DC599B24605E38003FC8D3 /* TimerCore */,
				B8DC6A2A2461D7F6003FC8D3 /* TimerCoreTests */,
			);
		};
/* End PBXProject section */

/* Begin PBXResourcesBuildPhase section */
		B84B0AC12458126600A07A1E /* Resources */ = {
			isa = PBXResourcesBuildPhase;
			buildActionMask = 2147483647;
			files = (
				B84B0AD32458126B00A07A1E /* LaunchScreen.storyboard in Resources */,
				B84B0AD02458126B00A07A1E /* Preview Assets.xcassets in Resources */,
				B84B0ACD2458126B00A07A1E /* Assets.xcassets in Resources */,
			);
			runOnlyForDeploymentPostprocessing = 0;
		};
		B8DC599A24605E38003FC8D3 /* Resources */ = {
			isa = PBXResourcesBuildPhase;
			buildActionMask = 2147483647;
			files = (
			);
			runOnlyForDeploymentPostprocessing = 0;
		};
		B8DC6A292461D7F6003FC8D3 /* Resources */ = {
			isa = PBXResourcesBuildPhase;
			buildActionMask = 2147483647;
			files = (
			);
			runOnlyForDeploymentPostprocessing = 0;
		};
/* End PBXResourcesBuildPhase section */

/* Begin PBXSourcesBuildPhase section */
		B84B0ABF2458126600A07A1E /* Sources */ = {
			isa = PBXSourcesBuildPhase;
			buildActionMask = 2147483647;
			files = (
				B8C7D811246A8495006B95E3 /* RootView.swift in Sources */,
				B8DC5994246054E1003FC8D3 /* AppCore.swift in Sources */,
				B84B0AC72458126700A07A1E /* AppDelegate.swift in Sources */,
				B84B0AC92458126700A07A1E /* SceneDelegate.swift in Sources */,
			);
			runOnlyForDeploymentPostprocessing = 0;
		};
		B8DC599824605E38003FC8D3 /* Sources */ = {
			isa = PBXSourcesBuildPhase;
			buildActionMask = 2147483647;
			files = (
				B8ED776C246858A9001B9DEE /* TimerControlsCore.swift in Sources */,
				B8DC59BF24605ED9003FC8D3 /* TimerCore.swift in Sources */,
				B8DC59C224605F3F003FC8D3 /* View-UpdateKeyPath.swift in Sources */,
				B8DC59C124605F1A003FC8D3 /* Segment.swift in Sources */,
				B8DC59C324605F3F003FC8D3 /* UIResponder-Current.swift in Sources */,
				B8ED776724684976001B9DEE /* CircuitPickerCore.swift in Sources */,
				B8DC59BC24605ED0003FC8D3 /* TimerView.swift in Sources */,
				B83907062462A4F400676B3D /* PickerCore.swift in Sources */,
				B8ED7769246854D0001B9DEE /* TimerControlsView.swift in Sources */,
				B83907042462A4DF00676B3D /* ValuePicker.swift in Sources */,
				B8DC59BE24605ED5003FC8D3 /* KeyboardAdaptive.swift in Sources */,
				B8806C9F246844C900C32F80 /* CircuitComposerCore.swift in Sources */,
				B8DC59C424605F3F003FC8D3 /* KeyboardHeightPublisher.swift in Sources */,
				B8ED77652468493E001B9DEE /* CircuitPickerView.swift in Sources */,
				B8ED776324684642001B9DEE /* CircuitComposerView.swift in Sources */,
				B8DC59C024605ED9003FC8D3 /* SoundClient.swift in Sources */,
			);
			runOnlyForDeploymentPostprocessing = 0;
		};
		B8DC6A272461D7F6003FC8D3 /* Sources */ = {
			isa = PBXSourcesBuildPhase;
			buildActionMask = 2147483647;
			files = (
				B8DC6A2E2461D7F6003FC8D3 /* TimerCoreTests.swift in Sources */,
			);
			runOnlyForDeploymentPostprocessing = 0;
		};
/* End PBXSourcesBuildPhase section */

/* Begin PBXTargetDependency section */
		B8DC59B024605E38003FC8D3 /* PBXTargetDependency */ = {
			isa = PBXTargetDependency;
			target = B8DC599B24605E38003FC8D3 /* TimerCore */;
			targetProxy = B8DC59AF24605E38003FC8D3 /* PBXContainerItemProxy */;
		};
		B8DC6A322461D7F6003FC8D3 /* PBXTargetDependency */ = {
			isa = PBXTargetDependency;
			target = B8DC599B24605E38003FC8D3 /* TimerCore */;
			targetProxy = B8DC6A312461D7F6003FC8D3 /* PBXContainerItemProxy */;
		};
/* End PBXTargetDependency section */

/* Begin PBXVariantGroup section */
		B84B0AD12458126B00A07A1E /* LaunchScreen.storyboard */ = {
			isa = PBXVariantGroup;
			children = (
				B84B0AD22458126B00A07A1E /* Base */,
			);
			name = LaunchScreen.storyboard;
			sourceTree = "<group>";
		};
/* End PBXVariantGroup section */

/* Begin XCBuildConfiguration section */
		B84B0AD52458126B00A07A1E /* Debug */ = {
			isa = XCBuildConfiguration;
			buildSettings = {
				ALWAYS_SEARCH_USER_PATHS = NO;
				CLANG_ANALYZER_NONNULL = YES;
				CLANG_ANALYZER_NUMBER_OBJECT_CONVERSION = YES_AGGRESSIVE;
				CLANG_CXX_LANGUAGE_STANDARD = "gnu++14";
				CLANG_CXX_LIBRARY = "libc++";
				CLANG_ENABLE_MODULES = YES;
				CLANG_ENABLE_OBJC_ARC = YES;
				CLANG_ENABLE_OBJC_WEAK = YES;
				CLANG_WARN_BLOCK_CAPTURE_AUTORELEASING = YES;
				CLANG_WARN_BOOL_CONVERSION = YES;
				CLANG_WARN_COMMA = YES;
				CLANG_WARN_CONSTANT_CONVERSION = YES;
				CLANG_WARN_DEPRECATED_OBJC_IMPLEMENTATIONS = YES;
				CLANG_WARN_DIRECT_OBJC_ISA_USAGE = YES_ERROR;
				CLANG_WARN_DOCUMENTATION_COMMENTS = YES;
				CLANG_WARN_EMPTY_BODY = YES;
				CLANG_WARN_ENUM_CONVERSION = YES;
				CLANG_WARN_INFINITE_RECURSION = YES;
				CLANG_WARN_INT_CONVERSION = YES;
				CLANG_WARN_NON_LITERAL_NULL_CONVERSION = YES;
				CLANG_WARN_OBJC_IMPLICIT_RETAIN_SELF = YES;
				CLANG_WARN_OBJC_LITERAL_CONVERSION = YES;
				CLANG_WARN_OBJC_ROOT_CLASS = YES_ERROR;
				CLANG_WARN_RANGE_LOOP_ANALYSIS = YES;
				CLANG_WARN_STRICT_PROTOTYPES = YES;
				CLANG_WARN_SUSPICIOUS_MOVE = YES;
				CLANG_WARN_UNGUARDED_AVAILABILITY = YES_AGGRESSIVE;
				CLANG_WARN_UNREACHABLE_CODE = YES;
				CLANG_WARN__DUPLICATE_METHOD_MATCH = YES;
				COPY_PHASE_STRIP = NO;
				DEBUG_INFORMATION_FORMAT = dwarf;
				ENABLE_STRICT_OBJC_MSGSEND = YES;
				ENABLE_TESTABILITY = YES;
				GCC_C_LANGUAGE_STANDARD = gnu11;
				GCC_DYNAMIC_NO_PIC = NO;
				GCC_NO_COMMON_BLOCKS = YES;
				GCC_OPTIMIZATION_LEVEL = 0;
				GCC_PREPROCESSOR_DEFINITIONS = (
					"DEBUG=1",
					"$(inherited)",
				);
				GCC_WARN_64_TO_32_BIT_CONVERSION = YES;
				GCC_WARN_ABOUT_RETURN_TYPE = YES_ERROR;
				GCC_WARN_UNDECLARED_SELECTOR = YES;
				GCC_WARN_UNINITIALIZED_AUTOS = YES_AGGRESSIVE;
				GCC_WARN_UNUSED_FUNCTION = YES;
				GCC_WARN_UNUSED_VARIABLE = YES;
				IPHONEOS_DEPLOYMENT_TARGET = 13.4;
				MTL_ENABLE_DEBUG_INFO = INCLUDE_SOURCE;
				MTL_FAST_MATH = YES;
				ONLY_ACTIVE_ARCH = YES;
				SDKROOT = iphoneos;
				SWIFT_ACTIVE_COMPILATION_CONDITIONS = DEBUG;
				SWIFT_OPTIMIZATION_LEVEL = "-Onone";
			};
			name = Debug;
		};
		B84B0AD62458126B00A07A1E /* Release */ = {
			isa = XCBuildConfiguration;
			buildSettings = {
				ALWAYS_SEARCH_USER_PATHS = NO;
				CLANG_ANALYZER_NONNULL = YES;
				CLANG_ANALYZER_NUMBER_OBJECT_CONVERSION = YES_AGGRESSIVE;
				CLANG_CXX_LANGUAGE_STANDARD = "gnu++14";
				CLANG_CXX_LIBRARY = "libc++";
				CLANG_ENABLE_MODULES = YES;
				CLANG_ENABLE_OBJC_ARC = YES;
				CLANG_ENABLE_OBJC_WEAK = YES;
				CLANG_WARN_BLOCK_CAPTURE_AUTORELEASING = YES;
				CLANG_WARN_BOOL_CONVERSION = YES;
				CLANG_WARN_COMMA = YES;
				CLANG_WARN_CONSTANT_CONVERSION = YES;
				CLANG_WARN_DEPRECATED_OBJC_IMPLEMENTATIONS = YES;
				CLANG_WARN_DIRECT_OBJC_ISA_USAGE = YES_ERROR;
				CLANG_WARN_DOCUMENTATION_COMMENTS = YES;
				CLANG_WARN_EMPTY_BODY = YES;
				CLANG_WARN_ENUM_CONVERSION = YES;
				CLANG_WARN_INFINITE_RECURSION = YES;
				CLANG_WARN_INT_CONVERSION = YES;
				CLANG_WARN_NON_LITERAL_NULL_CONVERSION = YES;
				CLANG_WARN_OBJC_IMPLICIT_RETAIN_SELF = YES;
				CLANG_WARN_OBJC_LITERAL_CONVERSION = YES;
				CLANG_WARN_OBJC_ROOT_CLASS = YES_ERROR;
				CLANG_WARN_RANGE_LOOP_ANALYSIS = YES;
				CLANG_WARN_STRICT_PROTOTYPES = YES;
				CLANG_WARN_SUSPICIOUS_MOVE = YES;
				CLANG_WARN_UNGUARDED_AVAILABILITY = YES_AGGRESSIVE;
				CLANG_WARN_UNREACHABLE_CODE = YES;
				CLANG_WARN__DUPLICATE_METHOD_MATCH = YES;
				COPY_PHASE_STRIP = NO;
				DEBUG_INFORMATION_FORMAT = "dwarf-with-dsym";
				ENABLE_NS_ASSERTIONS = NO;
				ENABLE_STRICT_OBJC_MSGSEND = YES;
				GCC_C_LANGUAGE_STANDARD = gnu11;
				GCC_NO_COMMON_BLOCKS = YES;
				GCC_WARN_64_TO_32_BIT_CONVERSION = YES;
				GCC_WARN_ABOUT_RETURN_TYPE = YES_ERROR;
				GCC_WARN_UNDECLARED_SELECTOR = YES;
				GCC_WARN_UNINITIALIZED_AUTOS = YES_AGGRESSIVE;
				GCC_WARN_UNUSED_FUNCTION = YES;
				GCC_WARN_UNUSED_VARIABLE = YES;
				IPHONEOS_DEPLOYMENT_TARGET = 13.4;
				MTL_ENABLE_DEBUG_INFO = NO;
				MTL_FAST_MATH = YES;
				SDKROOT = iphoneos;
				SWIFT_COMPILATION_MODE = wholemodule;
				SWIFT_OPTIMIZATION_LEVEL = "-O";
				VALIDATE_PRODUCT = YES;
			};
			name = Release;
		};
		B84B0AD82458126B00A07A1E /* Debug */ = {
			isa = XCBuildConfiguration;
			buildSettings = {
				ALWAYS_EMBED_SWIFT_STANDARD_LIBRARIES = YES;
				ASSETCATALOG_COMPILER_APPICON_NAME = AppIcon;
				CODE_SIGN_STYLE = Automatic;
				DEVELOPMENT_ASSET_PATHS = "\"WorkoutTimer/Preview Content\"";
				DEVELOPMENT_TEAM = GR9SJM3FZP;
				ENABLE_PREVIEWS = YES;
				INFOPLIST_FILE = WorkoutTimer/Product/Info.plist;
				IPHONEOS_DEPLOYMENT_TARGET = 13.0;
				LD_RUNPATH_SEARCH_PATHS = (
					"$(inherited)",
					"@executable_path/Frameworks",
				);
				PRODUCT_BUNDLE_IDENTIFIER = com.tsonevInc.mobile.ios.WorkoutTimer;
				PRODUCT_NAME = "$(TARGET_NAME)";
				SWIFT_VERSION = 5.0;
				TARGETED_DEVICE_FAMILY = "1,2";
			};
			name = Debug;
		};
		B84B0AD92458126B00A07A1E /* Release */ = {
			isa = XCBuildConfiguration;
			buildSettings = {
				ALWAYS_EMBED_SWIFT_STANDARD_LIBRARIES = YES;
				ASSETCATALOG_COMPILER_APPICON_NAME = AppIcon;
				CODE_SIGN_STYLE = Automatic;
				DEVELOPMENT_ASSET_PATHS = "\"WorkoutTimer/Preview Content\"";
				DEVELOPMENT_TEAM = GR9SJM3FZP;
				ENABLE_PREVIEWS = YES;
				INFOPLIST_FILE = WorkoutTimer/Product/Info.plist;
				IPHONEOS_DEPLOYMENT_TARGET = 13.0;
				LD_RUNPATH_SEARCH_PATHS = (
					"$(inherited)",
					"@executable_path/Frameworks",
				);
				PRODUCT_BUNDLE_IDENTIFIER = com.tsonevInc.mobile.ios.WorkoutTimer;
				PRODUCT_NAME = "$(TARGET_NAME)";
				SWIFT_VERSION = 5.0;
				TARGETED_DEVICE_FAMILY = "1,2";
			};
			name = Release;
		};
		B8DC59B424605E38003FC8D3 /* Debug */ = {
			isa = XCBuildConfiguration;
			buildSettings = {
				CODE_SIGN_STYLE = Automatic;
				CURRENT_PROJECT_VERSION = 1;
				DEFINES_MODULE = YES;
				DEVELOPMENT_TEAM = GR9SJM3FZP;
				DYLIB_COMPATIBILITY_VERSION = 1;
				DYLIB_CURRENT_VERSION = 1;
				DYLIB_INSTALL_NAME_BASE = "@rpath";
				INFOPLIST_FILE = TimerCore/Source/Product/Info.plist;
				INSTALL_PATH = "$(LOCAL_LIBRARY_DIR)/Frameworks";
				IPHONEOS_DEPLOYMENT_TARGET = 13.0;
				LD_RUNPATH_SEARCH_PATHS = (
					"$(inherited)",
					"@executable_path/Frameworks",
					"@loader_path/Frameworks",
				);
				PRODUCT_BUNDLE_IDENTIFIER = com.tsonevInc.mobile.ios.Timer;
				PRODUCT_NAME = "$(TARGET_NAME:c99extidentifier)";
				SKIP_INSTALL = YES;
				SWIFT_VERSION = 5.0;
				TARGETED_DEVICE_FAMILY = "1,2";
				VERSIONING_SYSTEM = "apple-generic";
				VERSION_INFO_PREFIX = "";
			};
			name = Debug;
		};
		B8DC59B524605E38003FC8D3 /* Release */ = {
			isa = XCBuildConfiguration;
			buildSettings = {
				CODE_SIGN_STYLE = Automatic;
				CURRENT_PROJECT_VERSION = 1;
				DEFINES_MODULE = YES;
				DEVELOPMENT_TEAM = GR9SJM3FZP;
				DYLIB_COMPATIBILITY_VERSION = 1;
				DYLIB_CURRENT_VERSION = 1;
				DYLIB_INSTALL_NAME_BASE = "@rpath";
				INFOPLIST_FILE = TimerCore/Source/Product/Info.plist;
				INSTALL_PATH = "$(LOCAL_LIBRARY_DIR)/Frameworks";
				IPHONEOS_DEPLOYMENT_TARGET = 13.0;
				LD_RUNPATH_SEARCH_PATHS = (
					"$(inherited)",
					"@executable_path/Frameworks",
					"@loader_path/Frameworks",
				);
				PRODUCT_BUNDLE_IDENTIFIER = com.tsonevInc.mobile.ios.Timer;
				PRODUCT_NAME = "$(TARGET_NAME:c99extidentifier)";
				SKIP_INSTALL = YES;
				SWIFT_VERSION = 5.0;
				TARGETED_DEVICE_FAMILY = "1,2";
				VERSIONING_SYSTEM = "apple-generic";
				VERSION_INFO_PREFIX = "";
			};
			name = Release;
		};
		B8DC6A342461D7F6003FC8D3 /* Debug */ = {
			isa = XCBuildConfiguration;
			buildSettings = {
				CODE_SIGN_STYLE = Automatic;
				DEVELOPMENT_TEAM = GR9SJM3FZP;
				INFOPLIST_FILE = TimerCore/Tests/Info.plist;
				LD_RUNPATH_SEARCH_PATHS = (
					"$(inherited)",
					"@executable_path/Frameworks",
					"@loader_path/Frameworks",
				);
				PRODUCT_BUNDLE_IDENTIFIER = com.tsonevInc.mobile.ios.TimerCoreTests;
				PRODUCT_NAME = "$(TARGET_NAME)";
				SWIFT_VERSION = 5.0;
				TARGETED_DEVICE_FAMILY = "1,2";
			};
			name = Debug;
		};
		B8DC6A352461D7F6003FC8D3 /* Release */ = {
			isa = XCBuildConfiguration;
			buildSettings = {
				CODE_SIGN_STYLE = Automatic;
				DEVELOPMENT_TEAM = GR9SJM3FZP;
				INFOPLIST_FILE = TimerCore/Tests/Info.plist;
				LD_RUNPATH_SEARCH_PATHS = (
					"$(inherited)",
					"@executable_path/Frameworks",
					"@loader_path/Frameworks",
				);
				PRODUCT_BUNDLE_IDENTIFIER = com.tsonevInc.mobile.ios.TimerCoreTests;
				PRODUCT_NAME = "$(TARGET_NAME)";
				SWIFT_VERSION = 5.0;
				TARGETED_DEVICE_FAMILY = "1,2";
			};
			name = Release;
		};
/* End XCBuildConfiguration section */

/* Begin XCConfigurationList section */
		B84B0ABE2458126600A07A1E /* Build configuration list for PBXProject "WorkoutTimer" */ = {
			isa = XCConfigurationList;
			buildConfigurations = (
				B84B0AD52458126B00A07A1E /* Debug */,
				B84B0AD62458126B00A07A1E /* Release */,
			);
			defaultConfigurationIsVisible = 0;
			defaultConfigurationName = Release;
		};
		B84B0AD72458126B00A07A1E /* Build configuration list for PBXNativeTarget "WorkoutTimer" */ = {
			isa = XCConfigurationList;
			buildConfigurations = (
				B84B0AD82458126B00A07A1E /* Debug */,
				B84B0AD92458126B00A07A1E /* Release */,
			);
			defaultConfigurationIsVisible = 0;
			defaultConfigurationName = Release;
		};
		B8DC59B324605E38003FC8D3 /* Build configuration list for PBXNativeTarget "TimerCore" */ = {
			isa = XCConfigurationList;
			buildConfigurations = (
				B8DC59B424605E38003FC8D3 /* Debug */,
				B8DC59B524605E38003FC8D3 /* Release */,
			);
			defaultConfigurationIsVisible = 0;
			defaultConfigurationName = Release;
		};
		B8DC6A332461D7F6003FC8D3 /* Build configuration list for PBXNativeTarget "TimerCoreTests" */ = {
			isa = XCConfigurationList;
			buildConfigurations = (
				B8DC6A342461D7F6003FC8D3 /* Debug */,
				B8DC6A352461D7F6003FC8D3 /* Release */,
			);
			defaultConfigurationIsVisible = 0;
			defaultConfigurationName = Release;
		};
/* End XCConfigurationList section */

/* Begin XCRemoteSwiftPackageReference section */
		B8DC59CD246063A9003FC8D3 /* XCRemoteSwiftPackageReference "swift-composable-architecture" */ = {
			isa = XCRemoteSwiftPackageReference;
			repositoryURL = "https://github.com/pointfreeco/swift-composable-architecture";
			requirement = {
				kind = upToNextMajorVersion;
				minimumVersion = 0.1.2;
			};
		};
/* End XCRemoteSwiftPackageReference section */

/* Begin XCSwiftPackageProductDependency section */
		B8DC59CE246063A9003FC8D3 /* ComposableArchitecture */ = {
			isa = XCSwiftPackageProductDependency;
			package = B8DC59CD246063A9003FC8D3 /* XCRemoteSwiftPackageReference "swift-composable-architecture" */;
			productName = ComposableArchitecture;
		};
		B8DC59D5246063B5003FC8D3 /* ComposableArchitecture */ = {
			isa = XCSwiftPackageProductDependency;
			package = B8DC59CD246063A9003FC8D3 /* XCRemoteSwiftPackageReference "swift-composable-architecture" */;
			productName = ComposableArchitecture;
		};
		B8DC6A362461D814003FC8D3 /* ComposableArchitecture */ = {
			isa = XCSwiftPackageProductDependency;
			package = B8DC59CD246063A9003FC8D3 /* XCRemoteSwiftPackageReference "swift-composable-architecture" */;
			productName = ComposableArchitecture;
		};
		B8DC6A3A2461D814003FC8D3 /* ComposableArchitectureTestSupport */ = {
			isa = XCSwiftPackageProductDependency;
			package = B8DC59CD246063A9003FC8D3 /* XCRemoteSwiftPackageReference "swift-composable-architecture" */;
			productName = ComposableArchitectureTestSupport;
		};
/* End XCSwiftPackageProductDependency section */
	};
	rootObject = B84B0ABB2458126600A07A1E /* Project object */;
}
